{
  "name": "dys-cflz-xcx",
  "version": "3.4.7",
  "lockfileVersion": 3,
  "requires": true,
  "packages": {
    "": {
      "name": "dys-cflz-xcx",
      "version": "3.4.7",
      "license": "MIT",
      "dependencies": {
        "crypto-js": "^4.2.0",
        "dayjs": "^1.11.13",
        "threejs-miniprogram": "^0.0.8"
      }
    },
    "node_modules/crypto-js": {
      "version": "4.2.0",
      "resolved": "https://registry.npmmirror.com/crypto-js/-/crypto-js-4.2.0.tgz",
      "integrity": "sha512-KALDyEYgpY+Rlob/iriUtjV6d5Eq+Y191A5g4UqLAi8CyGP9N1+FdVbkc1SxKc2r4YAYqG8JzO2KGL+AizD70Q=="
    },
    "node_modules/dayjs": {
      "version": "1.11.13",
      "resolved": "https://registry.npmmirror.com/dayjs/-/dayjs-1.11.13.tgz",
      "integrity": "sha512-oaMBel6gjolK862uaPQOVTA7q3TZhuSvuMQAAglQDOWYO9A91IrAOUJEyKVlqJlHE0vq5p5UXxzdPfMH/x6xNg=="
    },
    "node_modules/threejs-miniprogram": {
      "version": "0.0.8",
      "resolved": "https://registry.npmmirror.com/threejs-miniprogram/-/threejs-miniprogram-0.0.8.tgz",
      "integrity": "sha512-S5IgBMuX57kQsbeSv/5YDc87s+WKvPLYT+Go5FUbSdcjf6/Lq/LoY1uoVxfa00fjLHN+cMuumZ1Op/JmFKUmbw=="
    }
  }
}
